[{<<"cowboy">>,
  {git,"https://github.com/ninenines/cowboy.git",
       {ref,"d08c2ab39d38c181abda279d5c2cadfac33a50c1"}},
  0},
 {<<"cowlib">>,
  {git,"https://github.com/ninenines/cowlib.git",
       {ref,"d544a494af4dbc810fc9c15eaf5cc050cced1501"}},
  1},
 {<<"erlydtl">>,
  {git,"https://github.com/erlydtl/erlydtl.git",
       {ref,"333025ad718e586d98852ef499eb3fbb69a349f4"}},
  0},
 {<<"jsx">>,
  {git,"git://github.com/talentdeficit/jsx.git",
       {ref,"3074d4865b3385a050badf7828ad31490d860df5"}},
  0},
 {<<"ranch">>,
  {git,"https://github.com/ninenines/ranch.git",
       {ref,"adf1822defc2b7cfdc7aca112adabfa1d614043c"}},
  1},
 {<<"rebar">>,
  {git,"git://github.com/talentdeficit/jsx.git",
       {ref,"3074d4865b3385a050badf7828ad31490d860df5"}},
  0}].
